
Microsoft Visual Studio Solution File, Format Version 12.00
# Visual Studio Version 17
VisualStudioVersion = 17.14.36221.1
MinimumVisualStudioVersion = 10.0.40219.1
Project("{888888A0-9F3D-457C-B088-3A5042F75D52}") = "008", "008\008.pyproj", "{7BF93C71-77AF-48BA-AA6F-B05EA5973C19}"
EndProject
Project("{888888A0-9F3D-457C-B088-3A5042F75D52}") = "025", "025\025.pyproj", "{616013DE-FA24-41D0-96E1-471532E0D3CD}"
EndProject
Project("{888888A0-9F3D-457C-B088-3A5042F75D52}") = "027", "027\027.pyproj", "{2750665F-CE9A-49EE-AC49-D8DE10DEAABF}"
EndProject
Project("{888888A0-9F3D-457C-B088-3A5042F75D52}") = "029", "029\029.pyproj", "{A6E71709-2192-4580-80BC-318933B5D5AF}"
EndProject
Project("{888888A0-9F3D-457C-B088-3A5042F75D52}") = "035", "035\035.pyproj", "{4CDB6D1A-AC02-4746-B67F-755EDF8A1ECF}"
EndProject
Project("{888888A0-9F3D-457C-B088-3A5042F75D52}") = "036", "036\036.pyproj", "{61EE6EA3-3D57-4FDC-B9EC-DAB7ADD31482}"
EndProject
Project("{888888A0-9F3D-457C-B088-3A5042F75D52}") = "049", "049\049.pyproj", "{6F802E90-1F0D-4C98-A24E-B8F1FD4B1973}"
EndProject
Project("{888888A0-9F3D-457C-B088-3A5042F75D52}") = "052", "052\052.pyproj", "{848B9F78-B112-4EA4-9CFE-D71D822AC992}"
EndProject
Project("{888888A0-9F3D-457C-B088-3A5042F75D52}") = "066", "066\066.pyproj", "{62776ADB-F4AF-44E3-941D-BC22BBE564B1}"
EndProject
Project("{888888A0-9F3D-457C-B088-3A5042F75D52}") = "101", "101\101.pyproj", "{854E8B23-BA29-4217-A961-C99392D9992E}"
EndProject
Project("{888888A0-9F3D-457C-B088-3A5042F75D52}") = "115", "115\115.pyproj", "{4B57F9A9-E666-4359-869E-B2ED4A2B2543}"
EndProject
Project("{888888A0-9F3D-457C-B088-3A5042F75D52}") = "139", "139\139.pyproj", "{2DD89BB2-474E-4570-BD9F-356FD583E82D}"
EndProject
Project("{888888A0-9F3D-457C-B088-3A5042F75D52}") = "140", "140\140.pyproj", "{3D7DCA71-066B-4D5B-AA5D-76FFB725FD98}"
EndProject
Project("{888888A0-9F3D-457C-B088-3A5042F75D52}") = "141", "141\141.pyproj", "{F6D78454-364A-4D8D-9C70-CFFBFDBDE957}"
EndProject
Project("{888888A0-9F3D-457C-B088-3A5042F75D52}") = "142", "142\142.pyproj", "{70632B12-DAB1-413E-AB18-FC3ADB9925F1}"
EndProject
Project("{888888A0-9F3D-457C-B088-3A5042F75D52}") = "143", "143\143.pyproj", "{DE57207E-2D85-412D-947A-B668CE335D29}"
EndProject
Project("{888888A0-9F3D-457C-B088-3A5042F75D52}") = "144", "144\144.pyproj", "{6B48AFE1-7050-4F14-BEB9-85C9B44F988C}"
EndProject
Project("{888888A0-9F3D-457C-B088-3A5042F75D52}") = "145", "145\145.pyproj", "{7F8CD6C1-477D-46B6-B50D-C46E9B46A717}"
EndProject
Project("{888888A0-9F3D-457C-B088-3A5042F75D52}") = "146", "146\146.pyproj", "{C654A31D-77B2-4B4C-93EF-F9564322768F}"
EndProject
Project("{888888A0-9F3D-457C-B088-3A5042F75D52}") = "147", "147\147.pyproj", "{1E2D7682-8823-406F-A1C8-FFB07DB12712}"
EndProject
Project("{888888A0-9F3D-457C-B088-3A5042F75D52}") = "149", "149\149.pyproj", "{7FD59425-FA9A-4D31-AB36-8BC2C49CA762}"
EndProject
Project("{888888A0-9F3D-457C-B088-3A5042F75D52}") = "150", "150\150.pyproj", "{0CF02E5E-8E9E-4C74-9EB5-280E13323D51}"
EndProject
Project("{888888A0-9F3D-457C-B088-3A5042F75D52}") = "151", "151\151.pyproj", "{07720A65-1DB7-47DA-A244-B65D091EB4A8}"
EndProject
Project("{888888A0-9F3D-457C-B088-3A5042F75D52}") = "010", "010\010.pyproj", "{22E4A14B-42A0-47C8-ACF5-2C8CE343998A}"
EndProject
Project("{888888A0-9F3D-457C-B088-3A5042F75D52}") = "022", "022\022.pyproj", "{E95F212E-6FE2-4BD7-A896-6E5FE9A1C89A}"
EndProject
Project("{888888A0-9F3D-457C-B088-3A5042F75D52}") = "034", "034\034.pyproj", "{2628832F-4C8B-4ED8-BE3C-9528401530C8}"
EndProject
Project("{888888A0-9F3D-457C-B088-3A5042F75D52}") = "046", "046\046.pyproj", "{F65BBC52-CE19-471A-AD18-6A48B8304E04}"
EndProject
Project("{888888A0-9F3D-457C-B088-3A5042F75D52}") = "058", "058\058.pyproj", "{0A837B14-3136-49D6-895E-855B5BD99F31}"
EndProject
Project("{888888A0-9F3D-457C-B088-3A5042F75D52}") = "070", "070\070.pyproj", "{AD0EC6A9-62F6-4078-BA75-60995C29641C}"
EndProject
Project("{888888A0-9F3D-457C-B088-3A5042F75D52}") = "082", "082\082.pyproj", "{E181A01E-4985-44E2-9F86-AA843E999D60}"
EndProject
Project("{888888A0-9F3D-457C-B088-3A5042F75D52}") = "094", "094\094.pyproj", "{E405C135-C249-4478-924D-53841F8CD4E7}"
EndProject
Project("{888888A0-9F3D-457C-B088-3A5042F75D52}") = "106", "106\106.pyproj", "{D03776F4-2F5A-442F-B6BD-FBD0B5888EEE}"
EndProject
Project("{888888A0-9F3D-457C-B088-3A5042F75D52}") = "118", "118\118.pyproj", "{B45B2252-A1ED-415D-ACE9-39BC2CCD5FF7}"
EndProject
Project("{888888A0-9F3D-457C-B088-3A5042F75D52}") = "130", "130\130.pyproj", "{BF271440-0458-464E-BA0D-250EA48DA191}"
EndProject
Global
	GlobalSection(SolutionConfigurationPlatforms) = preSolution
		Debug|Any CPU = Debug|Any CPU
		Release|Any CPU = Release|Any CPU
	EndGlobalSection
	GlobalSection(ProjectConfigurationPlatforms) = postSolution
		{7BF93C71-77AF-48BA-AA6F-B05EA5973C19}.Debug|Any CPU.ActiveCfg = Debug|Any CPU
		{7BF93C71-77AF-48BA-AA6F-B05EA5973C19}.Release|Any CPU.ActiveCfg = Release|Any CPU
		{616013DE-FA24-41D0-96E1-471532E0D3CD}.Debug|Any CPU.ActiveCfg = Debug|Any CPU
		{616013DE-FA24-41D0-96E1-471532E0D3CD}.Release|Any CPU.ActiveCfg = Release|Any CPU
		{2750665F-CE9A-49EE-AC49-D8DE10DEAABF}.Debug|Any CPU.ActiveCfg = Debug|Any CPU
		{2750665F-CE9A-49EE-AC49-D8DE10DEAABF}.Release|Any CPU.ActiveCfg = Release|Any CPU
		{A6E71709-2192-4580-80BC-318933B5D5AF}.Debug|Any CPU.ActiveCfg = Debug|Any CPU
		{A6E71709-2192-4580-80BC-318933B5D5AF}.Release|Any CPU.ActiveCfg = Release|Any CPU
		{4CDB6D1A-AC02-4746-B67F-755EDF8A1ECF}.Debug|Any CPU.ActiveCfg = Debug|Any CPU
		{4CDB6D1A-AC02-4746-B67F-755EDF8A1ECF}.Release|Any CPU.ActiveCfg = Release|Any CPU
		{61EE6EA3-3D57-4FDC-B9EC-DAB7ADD31482}.Debug|Any CPU.ActiveCfg = Debug|Any CPU
		{61EE6EA3-3D57-4FDC-B9EC-DAB7ADD31482}.Release|Any CPU.ActiveCfg = Release|Any CPU
		{6F802E90-1F0D-4C98-A24E-B8F1FD4B1973}.Debug|Any CPU.ActiveCfg = Debug|Any CPU
		{6F802E90-1F0D-4C98-A24E-B8F1FD4B1973}.Release|Any CPU.ActiveCfg = Release|Any CPU
		{848B9F78-B112-4EA4-9CFE-D71D822AC992}.Debug|Any CPU.ActiveCfg = Debug|Any CPU
		{848B9F78-B112-4EA4-9CFE-D71D822AC992}.Release|Any CPU.ActiveCfg = Release|Any CPU
		{62776ADB-F4AF-44E3-941D-BC22BBE564B1}.Debug|Any CPU.ActiveCfg = Debug|Any CPU
		{62776ADB-F4AF-44E3-941D-BC22BBE564B1}.Release|Any CPU.ActiveCfg = Release|Any CPU
		{854E8B23-BA29-4217-A961-C99392D9992E}.Debug|Any CPU.ActiveCfg = Debug|Any CPU
		{854E8B23-BA29-4217-A961-C99392D9992E}.Release|Any CPU.ActiveCfg = Release|Any CPU
		{4B57F9A9-E666-4359-869E-B2ED4A2B2543}.Debug|Any CPU.ActiveCfg = Debug|Any CPU
		{4B57F9A9-E666-4359-869E-B2ED4A2B2543}.Release|Any CPU.ActiveCfg = Release|Any CPU
		{2DD89BB2-474E-4570-BD9F-356FD583E82D}.Debug|Any CPU.ActiveCfg = Debug|Any CPU
		{2DD89BB2-474E-4570-BD9F-356FD583E82D}.Release|Any CPU.ActiveCfg = Release|Any CPU
		{3D7DCA71-066B-4D5B-AA5D-76FFB725FD98}.Debug|Any CPU.ActiveCfg = Debug|Any CPU
		{3D7DCA71-066B-4D5B-AA5D-76FFB725FD98}.Release|Any CPU.ActiveCfg = Release|Any CPU
		{F6D78454-364A-4D8D-9C70-CFFBFDBDE957}.Debug|Any CPU.ActiveCfg = Debug|Any CPU
		{F6D78454-364A-4D8D-9C70-CFFBFDBDE957}.Release|Any CPU.ActiveCfg = Release|Any CPU
		{70632B12-DAB1-413E-AB18-FC3ADB9925F1}.Debug|Any CPU.ActiveCfg = Debug|Any CPU
		{70632B12-DAB1-413E-AB18-FC3ADB9925F1}.Release|Any CPU.ActiveCfg = Release|Any CPU
		{DE57207E-2D85-412D-947A-B668CE335D29}.Debug|Any CPU.ActiveCfg = Debug|Any CPU
		{DE57207E-2D85-412D-947A-B668CE335D29}.Release|Any CPU.ActiveCfg = Release|Any CPU
		{6B48AFE1-7050-4F14-BEB9-85C9B44F988C}.Debug|Any CPU.ActiveCfg = Debug|Any CPU
		{6B48AFE1-7050-4F14-BEB9-85C9B44F988C}.Release|Any CPU.ActiveCfg = Release|Any CPU
		{7F8CD6C1-477D-46B6-B50D-C46E9B46A717}.Debug|Any CPU.ActiveCfg = Debug|Any CPU
		{7F8CD6C1-477D-46B6-B50D-C46E9B46A717}.Release|Any CPU.ActiveCfg = Release|Any CPU
		{C654A31D-77B2-4B4C-93EF-F9564322768F}.Debug|Any CPU.ActiveCfg = Debug|Any CPU
		{C654A31D-77B2-4B4C-93EF-F9564322768F}.Release|Any CPU.ActiveCfg = Release|Any CPU
		{1E2D7682-8823-406F-A1C8-FFB07DB12712}.Debug|Any CPU.ActiveCfg = Debug|Any CPU
		{1E2D7682-8823-406F-A1C8-FFB07DB12712}.Release|Any CPU.ActiveCfg = Release|Any CPU
		{7FD59425-FA9A-4D31-AB36-8BC2C49CA762}.Debug|Any CPU.ActiveCfg = Debug|Any CPU
		{7FD59425-FA9A-4D31-AB36-8BC2C49CA762}.Release|Any CPU.ActiveCfg = Release|Any CPU
		{0CF02E5E-8E9E-4C74-9EB5-280E13323D51}.Debug|Any CPU.ActiveCfg = Debug|Any CPU
		{0CF02E5E-8E9E-4C74-9EB5-280E13323D51}.Release|Any CPU.ActiveCfg = Release|Any CPU
		{07720A65-1DB7-47DA-A244-B65D091EB4A8}.Debug|Any CPU.ActiveCfg = Debug|Any CPU
		{07720A65-1DB7-47DA-A244-B65D091EB4A8}.Release|Any CPU.ActiveCfg = Release|Any CPU
		{22E4A14B-42A0-47C8-ACF5-2C8CE343998A}.Debug|Any CPU.ActiveCfg = Debug|Any CPU
		{22E4A14B-42A0-47C8-ACF5-2C8CE343998A}.Release|Any CPU.ActiveCfg = Release|Any CPU
		{E95F212E-6FE2-4BD7-A896-6E5FE9A1C89A}.Debug|Any CPU.ActiveCfg = Debug|Any CPU
		{E95F212E-6FE2-4BD7-A896-6E5FE9A1C89A}.Release|Any CPU.ActiveCfg = Release|Any CPU
		{2628832F-4C8B-4ED8-BE3C-9528401530C8}.Debug|Any CPU.ActiveCfg = Debug|Any CPU
		{2628832F-4C8B-4ED8-BE3C-9528401530C8}.Release|Any CPU.ActiveCfg = Release|Any CPU
		{F65BBC52-CE19-471A-AD18-6A48B8304E04}.Debug|Any CPU.ActiveCfg = Debug|Any CPU
		{F65BBC52-CE19-471A-AD18-6A48B8304E04}.Release|Any CPU.ActiveCfg = Release|Any CPU
		{0A837B14-3136-49D6-895E-855B5BD99F31}.Debug|Any CPU.ActiveCfg = Debug|Any CPU
		{0A837B14-3136-49D6-895E-855B5BD99F31}.Release|Any CPU.ActiveCfg = Release|Any CPU
		{AD0EC6A9-62F6-4078-BA75-60995C29641C}.Debug|Any CPU.ActiveCfg = Debug|Any CPU
		{AD0EC6A9-62F6-4078-BA75-60995C29641C}.Release|Any CPU.ActiveCfg = Release|Any CPU
		{E181A01E-4985-44E2-9F86-AA843E999D60}.Debug|Any CPU.ActiveCfg = Debug|Any CPU
		{E181A01E-4985-44E2-9F86-AA843E999D60}.Release|Any CPU.ActiveCfg = Release|Any CPU
		{E405C135-C249-4478-924D-53841F8CD4E7}.Debug|Any CPU.ActiveCfg = Debug|Any CPU
		{E405C135-C249-4478-924D-53841F8CD4E7}.Release|Any CPU.ActiveCfg = Release|Any CPU
		{D03776F4-2F5A-442F-B6BD-FBD0B5888EEE}.Debug|Any CPU.ActiveCfg = Debug|Any CPU
		{D03776F4-2F5A-442F-B6BD-FBD0B5888EEE}.Release|Any CPU.ActiveCfg = Release|Any CPU
		{B45B2252-A1ED-415D-ACE9-39BC2CCD5FF7}.Debug|Any CPU.ActiveCfg = Debug|Any CPU
		{B45B2252-A1ED-415D-ACE9-39BC2CCD5FF7}.Release|Any CPU.ActiveCfg = Release|Any CPU
		{BF271440-0458-464E-BA0D-250EA48DA191}.Debug|Any CPU.ActiveCfg = Debug|Any CPU
		{BF271440-0458-464E-BA0D-250EA48DA191}.Release|Any CPU.ActiveCfg = Release|Any CPU
	EndGlobalSection
	GlobalSection(SolutionProperties) = preSolution
		HideSolutionNode = FALSE
	EndGlobalSection
	GlobalSection(ExtensibilityGlobals) = postSolution
		SolutionGuid = {6F6B8CBF-A639-4B9A-A852-CC603943A856}
	EndGlobalSection
EndGlobal
