
Microsoft Visual Studio Solution File, Format Version 12.00
# Visual Studio Version 17
VisualStudioVersion = 17.14.36109.1 d17.14
MinimumVisualStudioVersion = 10.0.40219.1
Project("{888888A0-9F3D-457C-B088-3A5042F75D52}") = "002", "002\002.pyproj", "{2035310A-245E-4A2B-B203-24FFC4F8614B}"
EndProject
Project("{888888A0-9F3D-457C-B088-3A5042F75D52}") = "014", "014\014.pyproj", "{F4E7090D-5F2E-497F-B1DF-DEAC11F06BD5}"
EndProject
Project("{888888A0-9F3D-457C-B088-3A5042F75D52}") = "026", "026\026.pyproj", "{BE1BD1F5-D689-48F6-AE60-94CAF14D1CA0}"
EndProject
Project("{888888A0-9F3D-457C-B088-3A5042F75D52}") = "038", "038\038.pyproj", "{B2F4B207-0C3E-41C5-8C8F-DEC7E44DB3D8}"
EndProject
Project("{888888A0-9F3D-457C-B088-3A5042F75D52}") = "050", "050\050.pyproj", "{BA170239-9A5B-49D1-8709-05F06601A509}"
EndProject
Project("{888888A0-9F3D-457C-B088-3A5042F75D52}") = "062", "062\062.pyproj", "{B4C13E69-1187-4E76-8C9C-EC560864D2C2}"
EndProject
Project("{888888A0-9F3D-457C-B088-3A5042F75D52}") = "074", "074\074.pyproj", "{D6947621-F787-4636-9295-953481CFA782}"
EndProject
Project("{888888A0-9F3D-457C-B088-3A5042F75D52}") = "086", "086\086.pyproj", "{8DA83D88-DB26-439C-A04D-CAA6A7373B34}"
EndProject
Project("{888888A0-9F3D-457C-B088-3A5042F75D52}") = "098", "098\098.pyproj", "{060DDB01-6C72-41E5-B109-E8FD2CDF61B9}"
EndProject
Project("{888888A0-9F3D-457C-B088-3A5042F75D52}") = "110", "110\110.pyproj", "{941CB657-7770-444B-A982-5A6743D18A86}"
EndProject
Project("{888888A0-9F3D-457C-B088-3A5042F75D52}") = "122", "122\122.pyproj", "{25B08B12-BAB7-4C2E-B20E-C5DE074628EE}"
EndProject
Project("{888888A0-9F3D-457C-B088-3A5042F75D52}") = "134", "134\134.pyproj", "{E8AE564B-61ED-488D-AE54-16085BD94AE2}"
EndProject
Project("{888888A0-9F3D-457C-B088-3A5042F75D52}") = "146", "146\146.pyproj", "{CBCDC290-74EE-46C9-A562-D424135846D6}"
EndProject
Global
	GlobalSection(SolutionConfigurationPlatforms) = preSolution
		Debug|Any CPU = Debug|Any CPU
		Release|Any CPU = Release|Any CPU
	EndGlobalSection
	GlobalSection(ProjectConfigurationPlatforms) = postSolution
		{2035310A-245E-4A2B-B203-24FFC4F8614B}.Debug|Any CPU.ActiveCfg = Debug|Any CPU
		{2035310A-245E-4A2B-B203-24FFC4F8614B}.Release|Any CPU.ActiveCfg = Release|Any CPU
		{F4E7090D-5F2E-497F-B1DF-DEAC11F06BD5}.Debug|Any CPU.ActiveCfg = Debug|Any CPU
		{F4E7090D-5F2E-497F-B1DF-DEAC11F06BD5}.Release|Any CPU.ActiveCfg = Release|Any CPU
		{BE1BD1F5-D689-48F6-AE60-94CAF14D1CA0}.Debug|Any CPU.ActiveCfg = Debug|Any CPU
		{BE1BD1F5-D689-48F6-AE60-94CAF14D1CA0}.Release|Any CPU.ActiveCfg = Release|Any CPU
		{B2F4B207-0C3E-41C5-8C8F-DEC7E44DB3D8}.Debug|Any CPU.ActiveCfg = Debug|Any CPU
		{B2F4B207-0C3E-41C5-8C8F-DEC7E44DB3D8}.Release|Any CPU.ActiveCfg = Release|Any CPU
		{BA170239-9A5B-49D1-8709-05F06601A509}.Debug|Any CPU.ActiveCfg = Debug|Any CPU
		{BA170239-9A5B-49D1-8709-05F06601A509}.Release|Any CPU.ActiveCfg = Release|Any CPU
		{B4C13E69-1187-4E76-8C9C-EC560864D2C2}.Debug|Any CPU.ActiveCfg = Debug|Any CPU
		{B4C13E69-1187-4E76-8C9C-EC560864D2C2}.Release|Any CPU.ActiveCfg = Release|Any CPU
		{D6947621-F787-4636-9295-953481CFA782}.Debug|Any CPU.ActiveCfg = Debug|Any CPU
		{D6947621-F787-4636-9295-953481CFA782}.Release|Any CPU.ActiveCfg = Release|Any CPU
		{8DA83D88-DB26-439C-A04D-CAA6A7373B34}.Debug|Any CPU.ActiveCfg = Debug|Any CPU
		{8DA83D88-DB26-439C-A04D-CAA6A7373B34}.Release|Any CPU.ActiveCfg = Release|Any CPU
		{060DDB01-6C72-41E5-B109-E8FD2CDF61B9}.Debug|Any CPU.ActiveCfg = Debug|Any CPU
		{060DDB01-6C72-41E5-B109-E8FD2CDF61B9}.Release|Any CPU.ActiveCfg = Release|Any CPU
		{941CB657-7770-444B-A982-5A6743D18A86}.Debug|Any CPU.ActiveCfg = Debug|Any CPU
		{941CB657-7770-444B-A982-5A6743D18A86}.Release|Any CPU.ActiveCfg = Release|Any CPU
		{25B08B12-BAB7-4C2E-B20E-C5DE074628EE}.Debug|Any CPU.ActiveCfg = Debug|Any CPU
		{25B08B12-BAB7-4C2E-B20E-C5DE074628EE}.Release|Any CPU.ActiveCfg = Release|Any CPU
		{E8AE564B-61ED-488D-AE54-16085BD94AE2}.Debug|Any CPU.ActiveCfg = Debug|Any CPU
		{E8AE564B-61ED-488D-AE54-16085BD94AE2}.Release|Any CPU.ActiveCfg = Release|Any CPU
		{CBCDC290-74EE-46C9-A562-D424135846D6}.Debug|Any CPU.ActiveCfg = Debug|Any CPU
		{CBCDC290-74EE-46C9-A562-D424135846D6}.Release|Any CPU.ActiveCfg = Release|Any CPU
	EndGlobalSection
	GlobalSection(SolutionProperties) = preSolution
		HideSolutionNode = FALSE
	EndGlobalSection
	GlobalSection(ExtensibilityGlobals) = postSolution
		SolutionGuid = {A9E63D16-0986-4139-8EE3-DEDFB581C02F}
	EndGlobalSection
EndGlobal
