
Microsoft Visual Studio Solution File, Format Version 12.00
# Visual Studio Version 17
VisualStudioVersion = 17.14.36221.1 d17.14
MinimumVisualStudioVersion = 10.0.40219.1
Project("{888888A0-9F3D-457C-B088-3A5042F75D52}") = "008", "008\008.pyproj", "{BAD0D9DC-CEFF-4156-9610-ED7097355AFF}"
EndProject
Project("{888888A0-9F3D-457C-B088-3A5042F75D52}") = "020", "020\020.pyproj", "{356EC890-D8E0-43EE-A0AB-C751CD41F9C7}"
EndProject
Project("{888888A0-9F3D-457C-B088-3A5042F75D52}") = "032", "032\032.pyproj", "{2896654D-131B-4B3B-B01A-54A5B7BF1B41}"
EndProject
Project("{888888A0-9F3D-457C-B088-3A5042F75D52}") = "044", "044\044.pyproj", "{A847A2E9-ADA5-4BBD-B625-18522004A64F}"
EndProject
Project("{888888A0-9F3D-457C-B088-3A5042F75D52}") = "056", "056\056.pyproj", "{B74C2841-AB7C-4356-B7EC-AA0D3F96203C}"
EndProject
Project("{888888A0-9F3D-457C-B088-3A5042F75D52}") = "068", "068\068.pyproj", "{256A6876-5F60-4718-A8E1-96E80E42BBDC}"
EndProject
Project("{888888A0-9F3D-457C-B088-3A5042F75D52}") = "080", "080\080.pyproj", "{517778C0-7710-4D61-8912-80B91AF28F37}"
EndProject
Project("{888888A0-9F3D-457C-B088-3A5042F75D52}") = "092", "092\092.pyproj", "{99695E77-B8B3-4241-99E7-4CF5D11C11FB}"
EndProject
Project("{888888A0-9F3D-457C-B088-3A5042F75D52}") = "104", "104\104.pyproj", "{3FE7DE39-DA5C-460C-9515-3CFE113DCE81}"
EndProject
Project("{888888A0-9F3D-457C-B088-3A5042F75D52}") = "116", "116\116.pyproj", "{5A51CE70-577B-4442-B536-6C67852E3E97}"
EndProject
Global
	GlobalSection(SolutionConfigurationPlatforms) = preSolution
		Debug|Any CPU = Debug|Any CPU
		Release|Any CPU = Release|Any CPU
	EndGlobalSection
	GlobalSection(ProjectConfigurationPlatforms) = postSolution
		{BAD0D9DC-CEFF-4156-9610-ED7097355AFF}.Debug|Any CPU.ActiveCfg = Debug|Any CPU
		{BAD0D9DC-CEFF-4156-9610-ED7097355AFF}.Release|Any CPU.ActiveCfg = Release|Any CPU
		{356EC890-D8E0-43EE-A0AB-C751CD41F9C7}.Debug|Any CPU.ActiveCfg = Debug|Any CPU
		{356EC890-D8E0-43EE-A0AB-C751CD41F9C7}.Release|Any CPU.ActiveCfg = Release|Any CPU
		{2896654D-131B-4B3B-B01A-54A5B7BF1B41}.Debug|Any CPU.ActiveCfg = Debug|Any CPU
		{2896654D-131B-4B3B-B01A-54A5B7BF1B41}.Release|Any CPU.ActiveCfg = Release|Any CPU
		{A847A2E9-ADA5-4BBD-B625-18522004A64F}.Debug|Any CPU.ActiveCfg = Debug|Any CPU
		{A847A2E9-ADA5-4BBD-B625-18522004A64F}.Release|Any CPU.ActiveCfg = Release|Any CPU
		{B74C2841-AB7C-4356-B7EC-AA0D3F96203C}.Debug|Any CPU.ActiveCfg = Debug|Any CPU
		{B74C2841-AB7C-4356-B7EC-AA0D3F96203C}.Release|Any CPU.ActiveCfg = Release|Any CPU
		{256A6876-5F60-4718-A8E1-96E80E42BBDC}.Debug|Any CPU.ActiveCfg = Debug|Any CPU
		{256A6876-5F60-4718-A8E1-96E80E42BBDC}.Release|Any CPU.ActiveCfg = Release|Any CPU
		{517778C0-7710-4D61-8912-80B91AF28F37}.Debug|Any CPU.ActiveCfg = Debug|Any CPU
		{517778C0-7710-4D61-8912-80B91AF28F37}.Release|Any CPU.ActiveCfg = Release|Any CPU
		{99695E77-B8B3-4241-99E7-4CF5D11C11FB}.Debug|Any CPU.ActiveCfg = Debug|Any CPU
		{99695E77-B8B3-4241-99E7-4CF5D11C11FB}.Release|Any CPU.ActiveCfg = Release|Any CPU
		{3FE7DE39-DA5C-460C-9515-3CFE113DCE81}.Debug|Any CPU.ActiveCfg = Debug|Any CPU
		{3FE7DE39-DA5C-460C-9515-3CFE113DCE81}.Release|Any CPU.ActiveCfg = Release|Any CPU
		{5A51CE70-577B-4442-B536-6C67852E3E97}.Debug|Any CPU.ActiveCfg = Debug|Any CPU
		{5A51CE70-577B-4442-B536-6C67852E3E97}.Release|Any CPU.ActiveCfg = Release|Any CPU
	EndGlobalSection
	GlobalSection(SolutionProperties) = preSolution
		HideSolutionNode = FALSE
	EndGlobalSection
	GlobalSection(ExtensibilityGlobals) = postSolution
		SolutionGuid = {B3A566E1-4A15-4F66-B12F-DAEC936126FE}
	EndGlobalSection
EndGlobal
