
Microsoft Visual Studio Solution File, Format Version 12.00
# Visual Studio Version 17
VisualStudioVersion = 17.14.36221.1 d17.14
MinimumVisualStudioVersion = 10.0.40219.1
Project("{888888A0-9F3D-457C-B088-3A5042F75D52}") = "006", "006\006.pyproj", "{61EEF72E-8BCE-4C8E-8107-A1AABC70343B}"
EndProject
Global
	GlobalSection(SolutionConfigurationPlatforms) = preSolution
		Debug|Any CPU = Debug|Any CPU
		Release|Any CPU = Release|Any CPU
	EndGlobalSection
	GlobalSection(ProjectConfigurationPlatforms) = postSolution
		{61EEF72E-8BCE-4C8E-8107-A1AABC70343B}.Debug|Any CPU.ActiveCfg = Debug|Any CPU
		{61EEF72E-8BCE-4C8E-8107-A1AABC70343B}.Release|Any CPU.ActiveCfg = Release|Any CPU
	EndGlobalSection
	GlobalSection(SolutionProperties) = preSolution
		HideSolutionNode = FALSE
	EndGlobalSection
	GlobalSection(ExtensibilityGlobals) = postSolution
		SolutionGuid = {3F4FAD02-8264-48F3-B6EF-5B3247430F0C}
	EndGlobalSection
EndGlobal
