
Microsoft Visual Studio Solution File, Format Version 12.00
# Visual Studio Version 17
VisualStudioVersion = 17.13.35931.197 d17.13
MinimumVisualStudioVersion = 10.0.40219.1
Project("{888888A0-9F3D-457C-B088-3A5042F75D52}") = "011", "011\011.pyproj", "{B9189C18-0E94-4069-91C7-0D3C58E3F621}"
EndProject
Project("{888888A0-9F3D-457C-B088-3A5042F75D52}") = "023", "023\023.pyproj", "{5BFF259B-55D8-4490-B204-3FFB9940BAC7}"
EndProject
Project("{888888A0-9F3D-457C-B088-3A5042F75D52}") = "035", "035\035.pyproj", "{70E17890-0892-46B5-BFD2-7F5E44E63478}"
EndProject
Global
	GlobalSection(SolutionConfigurationPlatforms) = preSolution
		Debug|Any CPU = Debug|Any CPU
		Release|Any CPU = Release|Any CPU
	EndGlobalSection
	GlobalSection(ProjectConfigurationPlatforms) = postSolution
		{B9189C18-0E94-4069-91C7-0D3C58E3F621}.Debug|Any CPU.ActiveCfg = Debug|Any CPU
		{B9189C18-0E94-4069-91C7-0D3C58E3F621}.Release|Any CPU.ActiveCfg = Release|Any CPU
		{5BFF259B-55D8-4490-B204-3FFB9940BAC7}.Debug|Any CPU.ActiveCfg = Debug|Any CPU
		{5BFF259B-55D8-4490-B204-3FFB9940BAC7}.Release|Any CPU.ActiveCfg = Release|Any CPU
		{70E17890-0892-46B5-BFD2-7F5E44E63478}.Debug|Any CPU.ActiveCfg = Debug|Any CPU
		{70E17890-0892-46B5-BFD2-7F5E44E63478}.Release|Any CPU.ActiveCfg = Release|Any CPU
	EndGlobalSection
	GlobalSection(SolutionProperties) = preSolution
		HideSolutionNode = FALSE
	EndGlobalSection
	GlobalSection(ExtensibilityGlobals) = postSolution
		SolutionGuid = {F97B01F0-CF9E-4CA1-8F16-3A7681836507}
	EndGlobalSection
EndGlobal
