
Microsoft Visual Studio Solution File, Format Version 12.00
# Visual Studio Version 17
VisualStudioVersion = 17.13.35931.197 d17.13
MinimumVisualStudioVersion = 10.0.40219.1
Project("{888888A0-9F3D-457C-B088-3A5042F75D52}") = "011", "011\011.pyproj", "{B9189C18-0E94-4069-91C7-0D3C58E3F621}"
EndProject
Project("{888888A0-9F3D-457C-B088-3A5042F75D52}") = "023", "023\023.pyproj", "{5BFF259B-55D8-4490-B204-3FFB9940BAC7}"
EndProject
Project("{888888A0-9F3D-457C-B088-3A5042F75D52}") = "035", "035\035.pyproj", "{70E17890-0892-46B5-BFD2-7F5E44E63478}"
EndProject
Project("{888888A0-9F3D-457C-B088-3A5042F75D52}") = "047", "047\047.pyproj", "{A6A6422B-64FA-4979-8040-4FFA4E684C75}"
EndProject
Project("{888888A0-9F3D-457C-B088-3A5042F75D52}") = "059", "059\059.pyproj", "{9E6FE78B-0EDE-447C-98E6-453DA231C412}"
EndProject
Project("{888888A0-9F3D-457C-B088-3A5042F75D52}") = "071", "071\071.pyproj", "{B635E37A-6165-4152-A3CE-CFC5D569E082}"
EndProject
Project("{888888A0-9F3D-457C-B088-3A5042F75D52}") = "083", "083\083.pyproj", "{4757CFC1-CFD9-4E45-B779-CCFC7BC6B0CD}"
EndProject
Project("{888888A0-9F3D-457C-B088-3A5042F75D52}") = "095", "095\095.pyproj", "{934DE6DF-A9BE-4A7A-A431-15114B45EB8D}"
EndProject
Project("{888888A0-9F3D-457C-B088-3A5042F75D52}") = "107", "107\107.pyproj", "{6656D9A7-CCCF-43F5-BFA3-F9412DF312D5}"
EndProject
Project("{888888A0-9F3D-457C-B088-3A5042F75D52}") = "119", "119\119.pyproj", "{676A4CB9-F629-4A35-8092-30660D6E3422}"
EndProject
Project("{888888A0-9F3D-457C-B088-3A5042F75D52}") = "131", "131\131.pyproj", "{F95CB202-CE73-4717-B078-2977C01E1E8E}"
EndProject
Project("{888888A0-9F3D-457C-B088-3A5042F75D52}") = "143", "143\143.pyproj", "{612C9265-3F77-4D91-B59C-222994A911FC}"
EndProject
Global
	GlobalSection(SolutionConfigurationPlatforms) = preSolution
		Debug|Any CPU = Debug|Any CPU
		Debug|x64 = Debug|x64
		Debug|x86 = Debug|x86
		Release|Any CPU = Release|Any CPU
		Release|x64 = Release|x64
		Release|x86 = Release|x86
	EndGlobalSection
	GlobalSection(ProjectConfigurationPlatforms) = postSolution
		{B9189C18-0E94-4069-91C7-0D3C58E3F621}.Debug|Any CPU.ActiveCfg = Debug|Any CPU
		{B9189C18-0E94-4069-91C7-0D3C58E3F621}.Debug|x64.ActiveCfg = Debug|Any CPU
		{B9189C18-0E94-4069-91C7-0D3C58E3F621}.Debug|x86.ActiveCfg = Debug|Any CPU
		{B9189C18-0E94-4069-91C7-0D3C58E3F621}.Release|Any CPU.ActiveCfg = Release|Any CPU
		{B9189C18-0E94-4069-91C7-0D3C58E3F621}.Release|x64.ActiveCfg = Release|Any CPU
		{B9189C18-0E94-4069-91C7-0D3C58E3F621}.Release|x86.ActiveCfg = Release|Any CPU
		{5BFF259B-55D8-4490-B204-3FFB9940BAC7}.Debug|Any CPU.ActiveCfg = Debug|Any CPU
		{5BFF259B-55D8-4490-B204-3FFB9940BAC7}.Debug|x64.ActiveCfg = Debug|Any CPU
		{5BFF259B-55D8-4490-B204-3FFB9940BAC7}.Debug|x86.ActiveCfg = Debug|Any CPU
		{5BFF259B-55D8-4490-B204-3FFB9940BAC7}.Release|Any CPU.ActiveCfg = Release|Any CPU
		{5BFF259B-55D8-4490-B204-3FFB9940BAC7}.Release|x64.ActiveCfg = Release|Any CPU
		{5BFF259B-55D8-4490-B204-3FFB9940BAC7}.Release|x86.ActiveCfg = Release|Any CPU
		{70E17890-0892-46B5-BFD2-7F5E44E63478}.Debug|Any CPU.ActiveCfg = Debug|Any CPU
		{70E17890-0892-46B5-BFD2-7F5E44E63478}.Debug|x64.ActiveCfg = Debug|Any CPU
		{70E17890-0892-46B5-BFD2-7F5E44E63478}.Debug|x86.ActiveCfg = Debug|Any CPU
		{70E17890-0892-46B5-BFD2-7F5E44E63478}.Release|Any CPU.ActiveCfg = Release|Any CPU
		{70E17890-0892-46B5-BFD2-7F5E44E63478}.Release|x64.ActiveCfg = Release|Any CPU
		{70E17890-0892-46B5-BFD2-7F5E44E63478}.Release|x86.ActiveCfg = Release|Any CPU
		{A6A6422B-64FA-4979-8040-4FFA4E684C75}.Debug|Any CPU.ActiveCfg = Debug|Any CPU
		{A6A6422B-64FA-4979-8040-4FFA4E684C75}.Debug|x64.ActiveCfg = Debug|Any CPU
		{A6A6422B-64FA-4979-8040-4FFA4E684C75}.Debug|x86.ActiveCfg = Debug|Any CPU
		{A6A6422B-64FA-4979-8040-4FFA4E684C75}.Release|Any CPU.ActiveCfg = Release|Any CPU
		{A6A6422B-64FA-4979-8040-4FFA4E684C75}.Release|x64.ActiveCfg = Release|Any CPU
		{A6A6422B-64FA-4979-8040-4FFA4E684C75}.Release|x86.ActiveCfg = Release|Any CPU
		{9E6FE78B-0EDE-447C-98E6-453DA231C412}.Debug|Any CPU.ActiveCfg = Debug|Any CPU
		{9E6FE78B-0EDE-447C-98E6-453DA231C412}.Debug|x64.ActiveCfg = Debug|Any CPU
		{9E6FE78B-0EDE-447C-98E6-453DA231C412}.Debug|x86.ActiveCfg = Debug|Any CPU
		{9E6FE78B-0EDE-447C-98E6-453DA231C412}.Release|Any CPU.ActiveCfg = Release|Any CPU
		{9E6FE78B-0EDE-447C-98E6-453DA231C412}.Release|x64.ActiveCfg = Release|Any CPU
		{9E6FE78B-0EDE-447C-98E6-453DA231C412}.Release|x86.ActiveCfg = Release|Any CPU
		{B635E37A-6165-4152-A3CE-CFC5D569E082}.Debug|Any CPU.ActiveCfg = Debug|Any CPU
		{B635E37A-6165-4152-A3CE-CFC5D569E082}.Debug|x64.ActiveCfg = Debug|Any CPU
		{B635E37A-6165-4152-A3CE-CFC5D569E082}.Debug|x86.ActiveCfg = Debug|Any CPU
		{B635E37A-6165-4152-A3CE-CFC5D569E082}.Release|Any CPU.ActiveCfg = Release|Any CPU
		{B635E37A-6165-4152-A3CE-CFC5D569E082}.Release|x64.ActiveCfg = Release|Any CPU
		{B635E37A-6165-4152-A3CE-CFC5D569E082}.Release|x86.ActiveCfg = Release|Any CPU
		{4757CFC1-CFD9-4E45-B779-CCFC7BC6B0CD}.Debug|Any CPU.ActiveCfg = Debug|Any CPU
		{4757CFC1-CFD9-4E45-B779-CCFC7BC6B0CD}.Debug|x64.ActiveCfg = Debug|Any CPU
		{4757CFC1-CFD9-4E45-B779-CCFC7BC6B0CD}.Debug|x86.ActiveCfg = Debug|Any CPU
		{4757CFC1-CFD9-4E45-B779-CCFC7BC6B0CD}.Release|Any CPU.ActiveCfg = Release|Any CPU
		{4757CFC1-CFD9-4E45-B779-CCFC7BC6B0CD}.Release|x64.ActiveCfg = Release|Any CPU
		{4757CFC1-CFD9-4E45-B779-CCFC7BC6B0CD}.Release|x86.ActiveCfg = Release|Any CPU
		{934DE6DF-A9BE-4A7A-A431-15114B45EB8D}.Debug|Any CPU.ActiveCfg = Debug|Any CPU
		{934DE6DF-A9BE-4A7A-A431-15114B45EB8D}.Debug|x64.ActiveCfg = Debug|Any CPU
		{934DE6DF-A9BE-4A7A-A431-15114B45EB8D}.Debug|x86.ActiveCfg = Debug|Any CPU
		{934DE6DF-A9BE-4A7A-A431-15114B45EB8D}.Release|Any CPU.ActiveCfg = Release|Any CPU
		{934DE6DF-A9BE-4A7A-A431-15114B45EB8D}.Release|x64.ActiveCfg = Release|Any CPU
		{934DE6DF-A9BE-4A7A-A431-15114B45EB8D}.Release|x86.ActiveCfg = Release|Any CPU
		{6656D9A7-CCCF-43F5-BFA3-F9412DF312D5}.Debug|Any CPU.ActiveCfg = Debug|Any CPU
		{6656D9A7-CCCF-43F5-BFA3-F9412DF312D5}.Debug|x64.ActiveCfg = Debug|Any CPU
		{6656D9A7-CCCF-43F5-BFA3-F9412DF312D5}.Debug|x86.ActiveCfg = Debug|Any CPU
		{6656D9A7-CCCF-43F5-BFA3-F9412DF312D5}.Release|Any CPU.ActiveCfg = Release|Any CPU
		{6656D9A7-CCCF-43F5-BFA3-F9412DF312D5}.Release|x64.ActiveCfg = Release|Any CPU
		{6656D9A7-CCCF-43F5-BFA3-F9412DF312D5}.Release|x86.ActiveCfg = Release|Any CPU
		{676A4CB9-F629-4A35-8092-30660D6E3422}.Debug|Any CPU.ActiveCfg = Debug|Any CPU
		{676A4CB9-F629-4A35-8092-30660D6E3422}.Debug|x64.ActiveCfg = Debug|Any CPU
		{676A4CB9-F629-4A35-8092-30660D6E3422}.Debug|x86.ActiveCfg = Debug|Any CPU
		{676A4CB9-F629-4A35-8092-30660D6E3422}.Release|Any CPU.ActiveCfg = Release|Any CPU
		{676A4CB9-F629-4A35-8092-30660D6E3422}.Release|x64.ActiveCfg = Release|Any CPU
		{676A4CB9-F629-4A35-8092-30660D6E3422}.Release|x86.ActiveCfg = Release|Any CPU
		{F95CB202-CE73-4717-B078-2977C01E1E8E}.Debug|Any CPU.ActiveCfg = Debug|Any CPU
		{F95CB202-CE73-4717-B078-2977C01E1E8E}.Debug|x64.ActiveCfg = Debug|Any CPU
		{F95CB202-CE73-4717-B078-2977C01E1E8E}.Debug|x86.ActiveCfg = Debug|Any CPU
		{F95CB202-CE73-4717-B078-2977C01E1E8E}.Release|Any CPU.ActiveCfg = Release|Any CPU
		{F95CB202-CE73-4717-B078-2977C01E1E8E}.Release|x64.ActiveCfg = Release|Any CPU
		{F95CB202-CE73-4717-B078-2977C01E1E8E}.Release|x86.ActiveCfg = Release|Any CPU
		{612C9265-3F77-4D91-B59C-222994A911FC}.Debug|Any CPU.ActiveCfg = Debug|Any CPU
		{612C9265-3F77-4D91-B59C-222994A911FC}.Debug|x64.ActiveCfg = Debug|Any CPU
		{612C9265-3F77-4D91-B59C-222994A911FC}.Debug|x86.ActiveCfg = Debug|Any CPU
		{612C9265-3F77-4D91-B59C-222994A911FC}.Release|Any CPU.ActiveCfg = Release|Any CPU
		{612C9265-3F77-4D91-B59C-222994A911FC}.Release|x64.ActiveCfg = Release|Any CPU
		{612C9265-3F77-4D91-B59C-222994A911FC}.Release|x86.ActiveCfg = Release|Any CPU
	EndGlobalSection
	GlobalSection(SolutionProperties) = preSolution
		HideSolutionNode = FALSE
	EndGlobalSection
	GlobalSection(ExtensibilityGlobals) = postSolution
		SolutionGuid = {F97B01F0-CF9E-4CA1-8F16-3A7681836507}
	EndGlobalSection
EndGlobal
