
Microsoft Visual Studio Solution File, Format Version 12.00
# Visual Studio Version 17
VisualStudioVersion = 17.12.35506.116
MinimumVisualStudioVersion = 10.0.40219.1
Project("{888888A0-9F3D-457C-B088-3A5042F75D52}") = "019", "019\019.pyproj", "{B78FB2F9-CD8C-45F0-A23D-6BAA46F6E29E}"
EndProject
Project("{888888A0-9F3D-457C-B088-3A5042F75D52}") = "031", "031\031.pyproj", "{BAF0EDE6-F3C0-428D-BD45-B891465BC061}"
EndProject
Project("{888888A0-9F3D-457C-B088-3A5042F75D52}") = "043", "043\043.pyproj", "{DDBD8155-7BAA-4C8E-ABE9-675A6DD7F0FB}"
EndProject
Project("{888888A0-9F3D-457C-B088-3A5042F75D52}") = "055", "055\055.pyproj", "{C683C48B-BFF4-4056-A622-75A5671D25F4}"
EndProject
Project("{888888A0-9F3D-457C-B088-3A5042F75D52}") = "067", "067\067.pyproj", "{B485A458-DCA6-4D9B-9C66-88823D16CF38}"
EndProject
Project("{888888A0-9F3D-457C-B088-3A5042F75D52}") = "079", "079\079.pyproj", "{0A9C8FE0-86C3-48F3-9E3B-9220F367322F}"
EndProject
Project("{888888A0-9F3D-457C-B088-3A5042F75D52}") = "091", "091\091.pyproj", "{1A47FE48-76E2-431A-92AD-5674B381AC40}"
EndProject
Project("{888888A0-9F3D-457C-B088-3A5042F75D52}") = "103", "103\103.pyproj", "{329BF121-8FA5-4660-AB9E-9BAC31CFD87A}"
EndProject
Project("{888888A0-9F3D-457C-B088-3A5042F75D52}") = "115", "115\115.pyproj", "{9DE9498F-ED6D-4894-ADD8-C54574ABE5B0}"
EndProject
Project("{888888A0-9F3D-457C-B088-3A5042F75D52}") = "127", "127\127.pyproj", "{06CC1D3E-EC37-4E02-B147-F9B238ED88E3}"
EndProject
Project("{888888A0-9F3D-457C-B088-3A5042F75D52}") = "139", "139\139.pyproj", "{5F3F3602-0045-4EAD-89EB-A31C8A4C23AB}"
EndProject
Project("{888888A0-9F3D-457C-B088-3A5042F75D52}") = "151", "151\151.pyproj", "{0492DA2F-2740-46B8-BD0C-B83ED122DA4C}"
EndProject
Project("{888888A0-9F3D-457C-B088-3A5042F75D52}") = "007", "007\007.pyproj", "{6783BA66-6361-4740-9279-EBC4094FADBD}"
EndProject
Global
	GlobalSection(SolutionConfigurationPlatforms) = preSolution
		Debug|Any CPU = Debug|Any CPU
		Release|Any CPU = Release|Any CPU
	EndGlobalSection
	GlobalSection(ProjectConfigurationPlatforms) = postSolution
		{B78FB2F9-CD8C-45F0-A23D-6BAA46F6E29E}.Debug|Any CPU.ActiveCfg = Debug|Any CPU
		{B78FB2F9-CD8C-45F0-A23D-6BAA46F6E29E}.Release|Any CPU.ActiveCfg = Release|Any CPU
		{BAF0EDE6-F3C0-428D-BD45-B891465BC061}.Debug|Any CPU.ActiveCfg = Debug|Any CPU
		{BAF0EDE6-F3C0-428D-BD45-B891465BC061}.Release|Any CPU.ActiveCfg = Release|Any CPU
		{DDBD8155-7BAA-4C8E-ABE9-675A6DD7F0FB}.Debug|Any CPU.ActiveCfg = Debug|Any CPU
		{DDBD8155-7BAA-4C8E-ABE9-675A6DD7F0FB}.Release|Any CPU.ActiveCfg = Release|Any CPU
		{C683C48B-BFF4-4056-A622-75A5671D25F4}.Debug|Any CPU.ActiveCfg = Debug|Any CPU
		{C683C48B-BFF4-4056-A622-75A5671D25F4}.Release|Any CPU.ActiveCfg = Release|Any CPU
		{B485A458-DCA6-4D9B-9C66-88823D16CF38}.Debug|Any CPU.ActiveCfg = Debug|Any CPU
		{B485A458-DCA6-4D9B-9C66-88823D16CF38}.Release|Any CPU.ActiveCfg = Release|Any CPU
		{0A9C8FE0-86C3-48F3-9E3B-9220F367322F}.Debug|Any CPU.ActiveCfg = Debug|Any CPU
		{0A9C8FE0-86C3-48F3-9E3B-9220F367322F}.Release|Any CPU.ActiveCfg = Release|Any CPU
		{1A47FE48-76E2-431A-92AD-5674B381AC40}.Debug|Any CPU.ActiveCfg = Debug|Any CPU
		{1A47FE48-76E2-431A-92AD-5674B381AC40}.Release|Any CPU.ActiveCfg = Release|Any CPU
		{329BF121-8FA5-4660-AB9E-9BAC31CFD87A}.Debug|Any CPU.ActiveCfg = Debug|Any CPU
		{329BF121-8FA5-4660-AB9E-9BAC31CFD87A}.Release|Any CPU.ActiveCfg = Release|Any CPU
		{9DE9498F-ED6D-4894-ADD8-C54574ABE5B0}.Debug|Any CPU.ActiveCfg = Debug|Any CPU
		{9DE9498F-ED6D-4894-ADD8-C54574ABE5B0}.Release|Any CPU.ActiveCfg = Release|Any CPU
		{06CC1D3E-EC37-4E02-B147-F9B238ED88E3}.Debug|Any CPU.ActiveCfg = Debug|Any CPU
		{06CC1D3E-EC37-4E02-B147-F9B238ED88E3}.Release|Any CPU.ActiveCfg = Release|Any CPU
		{5F3F3602-0045-4EAD-89EB-A31C8A4C23AB}.Debug|Any CPU.ActiveCfg = Debug|Any CPU
		{5F3F3602-0045-4EAD-89EB-A31C8A4C23AB}.Release|Any CPU.ActiveCfg = Release|Any CPU
		{0492DA2F-2740-46B8-BD0C-B83ED122DA4C}.Debug|Any CPU.ActiveCfg = Debug|Any CPU
		{0492DA2F-2740-46B8-BD0C-B83ED122DA4C}.Release|Any CPU.ActiveCfg = Release|Any CPU
		{6783BA66-6361-4740-9279-EBC4094FADBD}.Debug|Any CPU.ActiveCfg = Debug|Any CPU
		{6783BA66-6361-4740-9279-EBC4094FADBD}.Release|Any CPU.ActiveCfg = Release|Any CPU
	EndGlobalSection
	GlobalSection(SolutionProperties) = preSolution
		HideSolutionNode = FALSE
	EndGlobalSection
EndGlobal
