
Microsoft Visual Studio Solution File, Format Version 12.00
# Visual Studio Version 17
VisualStudioVersion = 17.14.36203.30
MinimumVisualStudioVersion = 10.0.40219.1
Project("{888888A0-9F3D-457C-B088-3A5042F75D52}") = "004", "004\004.pyproj", "{969E06BC-4E5F-441F-824B-9FE41AA43684}"
EndProject
Project("{888888A0-9F3D-457C-B088-3A5042F75D52}") = "016", "016\016.pyproj", "{DBF2C61C-621C-4B3B-83B4-B1AAF6410AD9}"
EndProject
Project("{888888A0-9F3D-457C-B088-3A5042F75D52}") = "028", "028\028.pyproj", "{6353265C-B020-4375-8A8F-9981D7C4F591}"
EndProject
Project("{888888A0-9F3D-457C-B088-3A5042F75D52}") = "040", "040\040.pyproj", "{EFEC1E3D-0D97-4D83-BE78-6A73DD062FB1}"
EndProject
Project("{888888A0-9F3D-457C-B088-3A5042F75D52}") = "052", "052\052.pyproj", "{84BA2F3B-89AA-47E5-96D2-48E2AF991B47}"
EndProject
Project("{888888A0-9F3D-457C-B088-3A5042F75D52}") = "064", "064\064.pyproj", "{1CCCC103-9B21-4A6B-A124-415CB120C463}"
EndProject
Project("{888888A0-9F3D-457C-B088-3A5042F75D52}") = "076", "076\076.pyproj", "{9A475DC8-0BA1-4630-B6EB-A96C88D3D201}"
EndProject
Project("{888888A0-9F3D-457C-B088-3A5042F75D52}") = "088", "088\088.pyproj", "{BEE41D93-A9DD-4C0B-AE23-F3F939BD7A7F}"
EndProject
Project("{888888A0-9F3D-457C-B088-3A5042F75D52}") = "100", "100\100.pyproj", "{703ABF6F-156E-4BCA-BF51-AAD4061FBF7E}"
EndProject
Project("{888888A0-9F3D-457C-B088-3A5042F75D52}") = "112", "112\112.pyproj", "{755AF65B-3EF5-4BBE-AFE2-9A2D3C32BF3C}"
EndProject
Project("{888888A0-9F3D-457C-B088-3A5042F75D52}") = "124", "124\124.pyproj", "{90BEADEF-07F9-4C32-9D03-079C06A59D10}"
EndProject
Project("{888888A0-9F3D-457C-B088-3A5042F75D52}") = "136", "136\136.pyproj", "{3A2D3DB0-3C82-4D6A-80AE-FFFEFE8E6DCC}"
EndProject
Project("{888888A0-9F3D-457C-B088-3A5042F75D52}") = "148", "148\148.pyproj", "{9EA459BF-760E-4519-9A41-E64EE4A96EB8}"
EndProject
Global
	GlobalSection(SolutionConfigurationPlatforms) = preSolution
		Debug|Any CPU = Debug|Any CPU
		Release|Any CPU = Release|Any CPU
	EndGlobalSection
	GlobalSection(ProjectConfigurationPlatforms) = postSolution
		{969E06BC-4E5F-441F-824B-9FE41AA43684}.Debug|Any CPU.ActiveCfg = Debug|Any CPU
		{969E06BC-4E5F-441F-824B-9FE41AA43684}.Release|Any CPU.ActiveCfg = Release|Any CPU
		{DBF2C61C-621C-4B3B-83B4-B1AAF6410AD9}.Debug|Any CPU.ActiveCfg = Debug|Any CPU
		{DBF2C61C-621C-4B3B-83B4-B1AAF6410AD9}.Release|Any CPU.ActiveCfg = Release|Any CPU
		{6353265C-B020-4375-8A8F-9981D7C4F591}.Debug|Any CPU.ActiveCfg = Debug|Any CPU
		{6353265C-B020-4375-8A8F-9981D7C4F591}.Release|Any CPU.ActiveCfg = Release|Any CPU
		{EFEC1E3D-0D97-4D83-BE78-6A73DD062FB1}.Debug|Any CPU.ActiveCfg = Debug|Any CPU
		{EFEC1E3D-0D97-4D83-BE78-6A73DD062FB1}.Release|Any CPU.ActiveCfg = Release|Any CPU
		{84BA2F3B-89AA-47E5-96D2-48E2AF991B47}.Debug|Any CPU.ActiveCfg = Debug|Any CPU
		{84BA2F3B-89AA-47E5-96D2-48E2AF991B47}.Release|Any CPU.ActiveCfg = Release|Any CPU
		{1CCCC103-9B21-4A6B-A124-415CB120C463}.Debug|Any CPU.ActiveCfg = Debug|Any CPU
		{1CCCC103-9B21-4A6B-A124-415CB120C463}.Release|Any CPU.ActiveCfg = Release|Any CPU
		{9A475DC8-0BA1-4630-B6EB-A96C88D3D201}.Debug|Any CPU.ActiveCfg = Debug|Any CPU
		{9A475DC8-0BA1-4630-B6EB-A96C88D3D201}.Release|Any CPU.ActiveCfg = Release|Any CPU
		{BEE41D93-A9DD-4C0B-AE23-F3F939BD7A7F}.Debug|Any CPU.ActiveCfg = Debug|Any CPU
		{BEE41D93-A9DD-4C0B-AE23-F3F939BD7A7F}.Release|Any CPU.ActiveCfg = Release|Any CPU
		{703ABF6F-156E-4BCA-BF51-AAD4061FBF7E}.Debug|Any CPU.ActiveCfg = Debug|Any CPU
		{703ABF6F-156E-4BCA-BF51-AAD4061FBF7E}.Release|Any CPU.ActiveCfg = Release|Any CPU
		{755AF65B-3EF5-4BBE-AFE2-9A2D3C32BF3C}.Debug|Any CPU.ActiveCfg = Debug|Any CPU
		{755AF65B-3EF5-4BBE-AFE2-9A2D3C32BF3C}.Release|Any CPU.ActiveCfg = Release|Any CPU
		{90BEADEF-07F9-4C32-9D03-079C06A59D10}.Debug|Any CPU.ActiveCfg = Debug|Any CPU
		{90BEADEF-07F9-4C32-9D03-079C06A59D10}.Release|Any CPU.ActiveCfg = Release|Any CPU
		{3A2D3DB0-3C82-4D6A-80AE-FFFEFE8E6DCC}.Debug|Any CPU.ActiveCfg = Debug|Any CPU
		{3A2D3DB0-3C82-4D6A-80AE-FFFEFE8E6DCC}.Release|Any CPU.ActiveCfg = Release|Any CPU
		{9EA459BF-760E-4519-9A41-E64EE4A96EB8}.Debug|Any CPU.ActiveCfg = Debug|Any CPU
		{9EA459BF-760E-4519-9A41-E64EE4A96EB8}.Release|Any CPU.ActiveCfg = Release|Any CPU
	EndGlobalSection
	GlobalSection(SolutionProperties) = preSolution
		HideSolutionNode = FALSE
	EndGlobalSection
	GlobalSection(ExtensibilityGlobals) = postSolution
		SolutionGuid = {905C1B1A-98B8-4E3C-BB35-4AC1FD0804E2}
	EndGlobalSection
EndGlobal
